Microsoft Visual Studio Solution File, Format Version 11.00
# Visual Studio 2008

Project("{FF850A96-F7CD-2453-F1B7-D54A222D5E3C}") = "OrthoSono", "Assembly-CSharp-firstpass-vs.csproj", "{21132525-69C8-5027-2CC1-E336FAF57E8F}"
EndProject
Project("{FF850A96-F7CD-2453-F1B7-D54A222D5E3C}") = "OrthoSono", "Assembly-CSharp-vs.csproj", "{0DB63BAF-F35C-5932-56D6-E4EEC9B507AD}"
EndProject
Project("{FF850A96-F7CD-2453-F1B7-D54A222D5E3C}") = "OrthoSono", "Assembly-CSharp-Editor-vs.csproj", "{8CF327A4-EA81-2875-CC1E-1C077A9AF659}"
EndProject
Global
	GlobalSection(SolutionConfigurationPlatforms) = preSolution
		Debug|Any CPU = Debug|Any CPU
		Release|Any CPU = Release|Any CPU
	EndGlobalSection
	GlobalSection(ProjectConfigurationPlatforms) = postSolution
		{21132525-69C8-5027-2CC1-E336FAF57E8F}.Debug|Any CPU.ActiveCfg = Debug|Any CPU
		{21132525-69C8-5027-2CC1-E336FAF57E8F}.Debug|Any CPU.Build.0 = Debug|Any CPU
		{21132525-69C8-5027-2CC1-E336FAF57E8F}.Release|Any CPU.ActiveCfg = Release|Any CPU
		{21132525-69C8-5027-2CC1-E336FAF57E8F}.Release|Any CPU.Build.0 = Release|Any CPU
		{0DB63BAF-F35C-5932-56D6-E4EEC9B507AD}.Debug|Any CPU.ActiveCfg = Debug|Any CPU
		{0DB63BAF-F35C-5932-56D6-E4EEC9B507AD}.Debug|Any CPU.Build.0 = Debug|Any CPU
		{0DB63BAF-F35C-5932-56D6-E4EEC9B507AD}.Release|Any CPU.ActiveCfg = Release|Any CPU
		{0DB63BAF-F35C-5932-56D6-E4EEC9B507AD}.Release|Any CPU.Build.0 = Release|Any CPU
		{8CF327A4-EA81-2875-CC1E-1C077A9AF659}.Debug|Any CPU.ActiveCfg = Debug|Any CPU
		{8CF327A4-EA81-2875-CC1E-1C077A9AF659}.Debug|Any CPU.Build.0 = Debug|Any CPU
		{8CF327A4-EA81-2875-CC1E-1C077A9AF659}.Release|Any CPU.ActiveCfg = Release|Any CPU
		{8CF327A4-EA81-2875-CC1E-1C077A9AF659}.Release|Any CPU.Build.0 = Release|Any CPU
	EndGlobalSection
	GlobalSection(SolutionProperties) = preSolution
		HideSolutionNode = FALSE
	EndGlobalSection
																																					GlobalSection(MonoDevelopProperties) = preSolution
		StartupItem = Assembly-CSharp.csproj
		Policies = $0
		$0.TextStylePolicy = $1
		$1.inheritsSet = null
		$1.scope = text/x-csharp
		$0.CSharpFormattingPolicy = $2
		$2.inheritsSet = Mono
		$2.inheritsScope = text/x-csharp
		$2.scope = text/x-csharp
		$0.TextStylePolicy = $3
		$3.FileWidth = 120
		$3.TabWidth = 4
		$3.EolMarker = Unix
		$3.inheritsSet = Mono
		$3.inheritsScope = text/plain
		$3.scope = text/plain
	EndGlobalSection

EndGlobal
